
Microsoft Visual Studio Solution File, Format Version 12.00
# Visual Studio 15
VisualStudioVersion = 15.0.27130.2024
MinimumVisualStudioVersion = 10.0.40219.1
Project("{FAE04EC0-301F-11D3-BF4B-00C04F79EFBC}") = "CardDispenserExample", "CardDispenserExample\CardDispenserExample.csproj", "{76400861-B039-46CB-BA8F-3A1E8646393A}"
EndProject
Project("{FAE04EC0-301F-11D3-BF4B-00C04F79EFBC}") = "CardDispenserDriver_DigitalConceptDE5245", "CardDispenserDriver_DigitalConceptDe5245\CardDispenserDriver_DigitalConceptDE5245.csproj", "{75EF6574-3E78-4767-83A4-EC6C31A9C6DF}"
EndProject
Global
	GlobalSection(SolutionConfigurationPlatforms) = preSolution
		Debug|Any CPU = Debug|Any CPU
		Release|Any CPU = Release|Any CPU
	EndGlobalSection
	GlobalSection(ProjectConfigurationPlatforms) = postSolution
		{76400861-B039-46CB-BA8F-3A1E8646393A}.Debug|Any CPU.ActiveCfg = Debug|Any CPU
		{76400861-B039-46CB-BA8F-3A1E8646393A}.Debug|Any CPU.Build.0 = Debug|Any CPU
		{76400861-B039-46CB-BA8F-3A1E8646393A}.Release|Any CPU.ActiveCfg = Release|Any CPU
		{76400861-B039-46CB-BA8F-3A1E8646393A}.Release|Any CPU.Build.0 = Release|Any CPU
		{75EF6574-3E78-4767-83A4-EC6C31A9C6DF}.Debug|Any CPU.ActiveCfg = Debug|Any CPU
		{75EF6574-3E78-4767-83A4-EC6C31A9C6DF}.Debug|Any CPU.Build.0 = Debug|Any CPU
		{75EF6574-3E78-4767-83A4-EC6C31A9C6DF}.Release|Any CPU.ActiveCfg = Release|Any CPU
		{75EF6574-3E78-4767-83A4-EC6C31A9C6DF}.Release|Any CPU.Build.0 = Release|Any CPU
	EndGlobalSection
	GlobalSection(SolutionProperties) = preSolution
		HideSolutionNode = FALSE
	EndGlobalSection
	GlobalSection(ExtensibilityGlobals) = postSolution
		SolutionGuid = {AC26CD5A-2C5B-420A-9F83-3A4F3767C901}
	EndGlobalSection
EndGlobal
